{
  "name": "manta",
  "lockfileVersion": 3,
  "requires": true,
  "packages": {
    "": {
      "name": "manta",
      "dependencies": {
        "deckzero": "file:../deckzero"
      }
    },
    "../deckzero": {
      "version": "0.1.0"
    },
    "node_modules/deckzero": {
      "resolved": "../deckzero",
      "link": true
    }
  }
}
