{
  "name": "manta",
  "lockfileVersion": 3,
  "requires": true,
  "packages": {
    "": {
      "name": "manta",
      "dependencies": {
        "deckzero": "github:nvictor/deckzero"
      }
    },
    "node_modules/deckzero": {
      "version": "0.1.0",
      "resolved": "git+ssh://git@github.com/nvictor/deckzero.git#40764c94c925d38a05e3cec032228d97b81f645f"
    }
  }
}
